// !$*UTF8*$!
{
	archiveVersion = 1;
	classes = {
	};
	objectVersion = 46;
	objects = {

/* Begin PBXBuildFile section */
		D83435261D51222D0006784E /* AppDelegate.swift in Sources */ = {isa = PBXBuildFile; fileRef = D83435251D51222D0006784E /* AppDelegate.swift */; };
		D83435281D51222D0006784E /* ViewController.swift in Sources */ = {isa = PBXBuildFile; fileRef = D83435271D51222D0006784E /* ViewController.swift */; };
		D834352B1D51222D0006784E /* Main.storyboard in Resources */ = {isa = PBXBuildFile; fileRef = D83435291D51222D0006784E /* Main.storyboard */; };
		D834352D1D51222D0006784E /* Assets.xcassets in Resources */ = {isa = PBXBuildFile; fileRef = D834352C1D51222D0006784E /* Assets.xcassets */; };
		D83435301D51222D0006784E /* LaunchScreen.storyboard in Resources */ = {isa = PBXBuildFile; fileRef = D834352E1D51222D0006784E /* LaunchScreen.storyboard */; };
/* End PBXBuildFile section */

/* Begin PBXFileReference section */
		D83435221D51222D0006784E /* Animation-Extension.app */ = {isa = PBXFileReference; explicitFileType = wrapper.application; includeInIndex = 0; path = "Animation-Extension.app"; sourceTree = BUILT_PRODUCTS_DIR; };
		D83435251D51222D0006784E /* AppDelegate.swift */ = {isa = PBXFileReference; lastKnownFileType = sourcecode.swift; path = AppDelegate.swift; sourceTree = "<group>"; };
		D83435271D51222D0006784E /* ViewController.swift */ = {isa = PBXFileReference; lastKnownFileType = sourcecode.swift; path = ViewController.swift; sourceTree = "<group>"; };
		D834352A1D51222D0006784E /* Base */ = {isa = PBXFileReference; lastKnownFileType = file.storyboard; name = Base; path = Base.lproj/Main.storyboard; sourceTree = "<group>"; };
		D834352C1D51222D0006784E /* Assets.xcassets */ = {isa = PBXFileReference; lastKnownFileType = folder.assetcatalog; path = Assets.xcassets; sourceTree = "<group>"; };
		D834352F1D51222D0006784E /* Base */ = {isa = PBXFileReference; lastKnownFileType = file.storyboard; name = Base; path = Base.lproj/LaunchScreen.storyboard; sourceTree = "<group>"; };
		D83435311D51222D0006784E /* Info.plist */ = {isa = PBXFileReference; lastKnownFileType = text.plist.xml; path = Info.plist; sourceTree = "<group>"; };
/* End PBXFileReference section */

/* Begin PBXFrameworksBuildPhase section */
		D834351F1D51222D0006784E /* Frameworks */ = {
			isa = PBXFrameworksBuildPhase;
			buildActionMask = 2147483647;
			files = (
			);
			runOnlyForDeploymentPostprocessing = 0;
		};
/* End PBXFrameworksBuildPhase section */

/* Begin PBXGroup section */
		D83435191D51222D0006784E = {
			isa = PBXGroup;
			children = (
				D83435241D51222D0006784E /* Animation-Extension */,
				D83435231D51222D0006784E /* Products */,
			);
			sourceTree = "<group>";
		};
		D83435231D51222D0006784E /* Products */ = {
			isa = PBXGroup;
			children = (
				D83435221D51222D0006784E /* Animation-Extension.app */,
			);
			name = Products;
			sourceTree = "<group>";
		};
		D83435241D51222D0006784E /* Animation-Extension */ = {
			isa = PBXGroup;
			children = (
				D83435251D51222D0006784E /* AppDelegate.swift */,
				D83435271D51222D0006784E /* ViewController.swift */,
				D83435291D51222D0006784E /* Main.storyboard */,
				D834352C1D51222D0006784E /* Assets.xcassets */,
				D834352E1D51222D0006784E /* LaunchScreen.storyboard */,
				D83435311D51222D0006784E /* Info.plist */,
			);
			path = "Animation-Extension";
			sourceTree = "<group>";
		};
/* End PBXGroup section */

/* Begin PBXNativeTarget section */
		D83435211D51222D0006784E /* Animation-Extension */ = {
			isa = PBXNativeTarget;
			buildConfigurationList = D83435341D51222D0006784E /* Build configuration list for PBXNativeTarget "Animation-Extension" */;
			buildPhases = (
				D834351E1D51222D0006784E /* Sources */,
				D834351F1D51222D0006784E /* Frameworks */,
				D83435201D51222D0006784E /* Resources */,
			);
			buildRules = (
			);
			dependencies = (
			);
			name = "Animation-Extension";
			productName = "Animation-Extension";
			productReference = D83435221D51222D0006784E /* Animation-Extension.app */;
			productType = "com.apple.product-type.application";
		};
/* End PBXNativeTarget section */

/* Begin PBXProject section */
		D834351A1D51222D0006784E /* Project object */ = {
			isa = PBXProject;
			attributes = {
				LastSwiftUpdateCheck = 0730;
				LastUpgradeCheck = 0730;
				ORGANIZATIONNAME = "mitchell hudson";
				TargetAttributes = {
					D83435211D51222D0006784E = {
						CreatedOnToolsVersion = 7.3.1;
					};
				};
			};
			buildConfigurationList = D834351D1D51222D0006784E /* Build configuration list for PBXProject "Animation-Extension" */;
			compatibilityVersion = "Xcode 3.2";
			developmentRegion = English;
			hasScannedForEncodings = 0;
			knownRegions = (
				en,
				Base,
			);
			mainGroup = D83435191D51222D0006784E;
			productRefGroup = D83435231D51222D0006784E /* Products */;
			projectDirPath = "";
			projectRoot = "";
			targets = (
				D83435211D51222D0006784E /* Animation-Extension */,
			);
		};
/* End PBXProject section */

/* Begin PBXResourcesBuildPhase section */
		D83435201D51222D0006784E /* Resources */ = {
			isa = PBXResourcesBuildPhase;
			buildActionMask = 2147483647;
			files = (
				D83435301D51222D0006784E /* LaunchScreen.storyboard in Resources */,
				D834352D1D51222D0006784E /* Assets.xcassets in Resources */,
				D834352B1D51222D0006784E /* Main.storyboard in Resources */,
			);
			runOnlyForDeploymentPostprocessing = 0;
		};
/* End PBXResourcesBuildPhase section */

/* Begin PBXSourcesBuildPhase section */
		D834351E1D51222D0006784E /* Sources */ = {
			isa = PBXSourcesBuildPhase;
			buildActionMask = 2147483647;
			files = (
				D83435281D51222D0006784E /* ViewController.swift in Sources */,
				D83435261D51222D0006784E /* AppDelegate.swift in Sources */,
			);
			runOnlyForDeploymentPostprocessing = 0;
		};
/* End PBXSourcesBuildPhase section */

/* Begin PBXVariantGroup section */
		D83435291D51222D0006784E /* Main.storyboard */ = {
			isa = PBXVariantGroup;
			children = (
				D834352A1D51222D0006784E /* Base */,
			);
			name = Main.storyboard;
			sourceTree = "<group>";
		};
		D834352E1D51222D0006784E /* LaunchScreen.storyboard */ = {
			isa = PBXVariantGroup;
			children = (
				D834352F1D51222D0006784E /* Base */,
			);
			name = LaunchScreen.storyboard;
			sourceTree = "<group>";
		};
/* End PBXVariantGroup section */

/* Begin XCBuildConfiguration section */
		D83435321D51222D0006784E /* Debug */ = {
			isa = XCBuildConfiguration;
			buildSettings = {
				ALWAYS_SEARCH_USER_PATHS = NO;
				CLANG_ANALYZER_NONNULL = YES;
				CLANG_CXX_LANGUAGE_STANDARD = "gnu++0x";
				CLANG_CXX_LIBRARY = "libc++";
				CLANG_ENABLE_MODULES = YES;
				CLANG_ENABLE_OBJC_ARC = YES;
				CLANG_WARN_BOOL_CONVERSION = YES;
				CLANG_WARN_CONSTANT_CONVERSION = YES;
				CLANG_WARN_DIRECT_OBJC_ISA_USAGE = YES_ERROR;
				CLANG_WARN_EMPTY_BODY = YES;
				CLANG_WARN_ENUM_CONVERSION = YES;
				CLANG_WARN_INT_CONVERSION = YES;
				CLANG_WARN_OBJC_ROOT_CLASS = YES_ERROR;
				CLANG_WARN_UNREACHABLE_CODE = YES;
				CLANG_WARN__DUPLICATE_METHOD_MATCH = YES;
				"CODE_SIGN_IDENTITY[sdk=iphoneos*]" = "iPhone Developer";
				COPY_PHASE_STRIP = NO;
				DEBUG_INFORMATION_FORMAT = dwarf;
				ENABLE_STRICT_OBJC_MSGSEND = YES;
				ENABLE_TESTABILITY = YES;
				GCC_C_LANGUAGE_STANDARD = gnu99;
				GCC_DYNAMIC_NO_PIC = NO;
				GCC_NO_COMMON_BLOCKS = YES;
				GCC_OPTIMIZATION_LEVEL = 0;
				GCC_PREPROCESSOR_DEFINITIONS = (
					"DEBUG=1",
					"$(inherited)",
				);
				GCC_WARN_64_TO_32_BIT_CONVERSION = YES;
				GCC_WARN_ABOUT_RETURN_TYPE = YES_ERROR;
				GCC_WARN_UNDECLARED_SELECTOR = YES;
				GCC_WARN_UNINITIALIZED_AUTOS = YES_AGGRESSIVE;
				GCC_WARN_UNUSED_FUNCTION = YES;
				GCC_WARN_UNUSED_VARIABLE = YES;
				IPHONEOS_DEPLOYMENT_TARGET = 9.3;
				MTL_ENABLE_DEBUG_INFO = YES;
				ONLY_ACTIVE_ARCH = YES;
				SDKROOT = iphoneos;
				SWIFT_OPTIMIZATION_LEVEL = "-Onone";
			};
			name = Debug;
		};
		D83435331D51222D0006784E /* Release */ = {
			isa = XCBuildConfiguration;
			buildSettings = {
				ALWAYS_SEARCH_USER_PATHS = NO;
				CLANG_ANALYZER_NONNULL = YES;
				CLANG_CXX_LANGUAGE_STANDARD = "gnu++0x";
				CLANG_CXX_LIBRARY = "libc++";
				CLANG_ENABLE_MODULES = YES;
				CLANG_ENABLE_OBJC_ARC = YES;
				CLANG_WARN_BOOL_CONVERSION = YES;
				CLANG_WARN_CONSTANT_CONVERSION = YES;
				CLANG_WARN_DIRECT_OBJC_ISA_USAGE = YES_ERROR;
				CLANG_WARN_EMPTY_BODY = YES;
				CLANG_WARN_ENUM_CONVERSION = YES;
				CLANG_WARN_INT_CONVERSION = YES;
				CLANG_WARN_OBJC_ROOT_CLASS = YES_ERROR;
				CLANG_WARN_UNREACHABLE_CODE = YES;
				CLANG_WARN__DUPLICATE_METHOD_MATCH = YES;
				"CODE_SIGN_IDENTITY[sdk=iphoneos*]" = "iPhone Developer";
				COPY_PHASE_STRIP = NO;
				DEBUG_INFORMATION_FORMAT = "dwarf-with-dsym";
				ENABLE_NS_ASSERTIONS = NO;
				ENABLE_STRICT_OBJC_MSGSEND = YES;
				GCC_C_LANGUAGE_STANDARD = gnu99;
				GCC_NO_COMMON_BLOCKS = YES;
				GCC_WARN_64_TO_32_BIT_CONVERSION = YES;
				GCC_WARN_ABOUT_RETURN_TYPE = YES_ERROR;
				GCC_WARN_UNDECLARED_SELECTOR = YES;
				GCC_WARN_UNINITIALIZED_AUTOS = YES_AGGRESSIVE;
				GCC_WARN_UNUSED_FUNCTION = YES;
				GCC_WARN_UNUSED_VARIABLE = YES;
				IPHONEOS_DEPLOYMENT_TARGET = 9.3;
				MTL_ENABLE_DEBUG_INFO = NO;
				SDKROOT = iphoneos;
				VALIDATE_PRODUCT = YES;
			};
			name = Release;
		};
		D83435351D51222D0006784E /* Debug */ = {
			isa = XCBuildConfiguration;
			buildSettings = {
				ASSETCATALOG_COMPILER_APPICON_NAME = AppIcon;
				INFOPLIST_FILE = "Animation-Extension/Info.plist";
				LD_RUNPATH_SEARCH_PATHS = "$(inherited) @executable_path/Frameworks";
				PRODUCT_BUNDLE_IDENTIFIER = "com.webdevils.Animation-Extension";
				PRODUCT_NAME = "$(TARGET_NAME)";
			};
			name = Debug;
		};
		D83435361D51222D0006784E /* Release */ = {
			isa = XCBuildConfiguration;
			buildSettings = {
				ASSETCATALOG_COMPILER_APPICON_NAME = AppIcon;
				INFOPLIST_FILE = "Animation-Extension/Info.plist";
				LD_RUNPATH_SEARCH_PATHS = "$(inherited) @executable_path/Frameworks";
				PRODUCT_BUNDLE_IDENTIFIER = "com.webdevils.Animation-Extension";
				PRODUCT_NAME = "$(TARGET_NAME)";
			};
			name = Release;
		};
/* End XCBuildConfiguration section */

/* Begin XCConfigurationList section */
		D834351D1D51222D0006784E /* Build configuration list for PBXProject "Animation-Extension" */ = {
			isa = XCConfigurationList;
			buildConfigurations = (
				D83435321D51222D0006784E /* Debug */,
				D83435331D51222D0006784E /* Release */,
			);
			defaultConfigurationIsVisible = 0;
			defaultConfigurationName = Release;
		};
		D83435341D51222D0006784E /* Build configuration list for PBXNativeTarget "Animation-Extension" */ = {
			isa = XCConfigurationList;
			buildConfigurations = (
				D83435351D51222D0006784E /* Debug */,
				D83435361D51222D0006784E /* Release */,
			);
			defaultConfigurationIsVisible = 0;
		};
/* End XCConfigurationList section */
	};
	rootObject = D834351A1D51222D0006784E /* Project object */;
}
